
Microsoft Visual Studio Solution File, Format Version 12.00
# Visual Studio Version 16
VisualStudioVersion = 16.0.31410.357
MinimumVisualStudioVersion = 10.0.40219.1
Project("{FAE04EC0-301F-11D3-BF4B-00C04F79EFBC}") = "Practos3", "Practos3\Practos3.csproj", "{CF21640D-5EC2-448C-819C-7AE00A4FE3ED}"
EndProject
Project("{FAE04EC0-301F-11D3-BF4B-00C04F79EFBC}") = "LibMatr", "LibMatr\LibMatr.csproj", "{CAA7A00E-BF58-4C48-B3B5-6F925B09BFCD}"
EndProject
Project("{FAE04EC0-301F-11D3-BF4B-00C04F79EFBC}") = "Lib_10", "Lib_10\Lib_10.csproj", "{90C67AB7-A1EA-4810-B03D-275EE6A84B33}"
EndProject
Global
	GlobalSection(SolutionConfigurationPlatforms) = preSolution
		Debug|Any CPU = Debug|Any CPU
		Release|Any CPU = Release|Any CPU
	EndGlobalSection
	GlobalSection(ProjectConfigurationPlatforms) = postSolution
		{CF21640D-5EC2-448C-819C-7AE00A4FE3ED}.Debug|Any CPU.ActiveCfg = Debug|Any CPU
		{CF21640D-5EC2-448C-819C-7AE00A4FE3ED}.Debug|Any CPU.Build.0 = Debug|Any CPU
		{CF21640D-5EC2-448C-819C-7AE00A4FE3ED}.Release|Any CPU.ActiveCfg = Release|Any CPU
		{CF21640D-5EC2-448C-819C-7AE00A4FE3ED}.Release|Any CPU.Build.0 = Release|Any CPU
		{CAA7A00E-BF58-4C48-B3B5-6F925B09BFCD}.Debug|Any CPU.ActiveCfg = Debug|Any CPU
		{CAA7A00E-BF58-4C48-B3B5-6F925B09BFCD}.Debug|Any CPU.Build.0 = Debug|Any CPU
		{CAA7A00E-BF58-4C48-B3B5-6F925B09BFCD}.Release|Any CPU.ActiveCfg = Release|Any CPU
		{CAA7A00E-BF58-4C48-B3B5-6F925B09BFCD}.Release|Any CPU.Build.0 = Release|Any CPU
		{90C67AB7-A1EA-4810-B03D-275EE6A84B33}.Debug|Any CPU.ActiveCfg = Debug|Any CPU
		{90C67AB7-A1EA-4810-B03D-275EE6A84B33}.Debug|Any CPU.Build.0 = Debug|Any CPU
		{90C67AB7-A1EA-4810-B03D-275EE6A84B33}.Release|Any CPU.ActiveCfg = Release|Any CPU
		{90C67AB7-A1EA-4810-B03D-275EE6A84B33}.Release|Any CPU.Build.0 = Release|Any CPU
	EndGlobalSection
	GlobalSection(SolutionProperties) = preSolution
		HideSolutionNode = FALSE
	EndGlobalSection
	GlobalSection(ExtensibilityGlobals) = postSolution
		SolutionGuid = {6DBB296A-B312-43C7-A4EC-7B85F4B17A9F}
	EndGlobalSection
EndGlobal
